{
  "nodes": {
    "nixpkgs": {
      "locked": {
        "lastModified": 1686921029,
        "narHash": "sha256-J1bX9plPCFhTSh6E3TWn9XSxggBh/zDD4xigyaIQBy8=",
        "owner": "NixOS",
        "repo": "nixpkgs",
        "rev": "c7ff1b9b95620ce8728c0d7bd501c458e6da9e04",
        "type": "github"
      },
      "original": {
        "owner": "NixOS",
        "ref": "nixos-23.05",
        "repo": "nixpkgs",
        "type": "github"
      }
    },
    "root": {
      "inputs": {
        "nixpkgs": "nixpkgs"
      }
    }
  },
  "root": "root",
  "version": 7
}
